// !$*UTF8*$!
{
	archiveVersion = 1;
	classes = {
	};
	objectVersion = 77;
	objects = {

/* Begin PBXBuildFile section */
		8FD2B81C300FD101001991DB /* HenstandAppTarget.appex in Embed Foundation Extensions */ = {isa = PBXBuildFile; fileRef = 8FD2B815300FD101001991DB /* HenstandAppTarget.appex */; settings = {ATTRIBUTES = (RemoveHeadersOnCopy, ); }; };
		8FD2B824300FD10B001991DB /* FirebaseMessaging in Frameworks */ = {isa = PBXBuildFile; productRef = 8FD2B823300FD10B001991DB /* FirebaseMessaging */; };
		FBAA000000000000000000A2 /* FirebaseAuth in Frameworks */ = {isa = PBXBuildFile; productRef = FBAA000000000000000000A0 /* FirebaseAuth */; };
		FBAA000000000000000000C1 /* FirebaseCore in Frameworks */ = {isa = PBXBuildFile; productRef = FBAA000000000000000000C0 /* FirebaseCore */; };
		FBAA000000000000000000D1 /* FirebaseDatabase in Frameworks */ = {isa = PBXBuildFile; productRef = FBAA000000000000000000D0 /* FirebaseDatabase */; };
/* End PBXBuildFile section */

/* Begin PBXContainerItemProxy section */
		8FD2B81A300FD101001991DB /* PBXContainerItemProxy */ = {
			isa = PBXContainerItemProxy;
			containerPortal = 8F7D1A7C300FC0AA00C7FC49 /* Project object */;
			proxyType = 1;
			remoteGlobalIDString = 8FD2B814300FD101001991DB;
			remoteInfo = HenstandAppTarget;
		};
/* End PBXContainerItemProxy section */

/* Begin PBXCopyFilesBuildPhase section */
		8FD2B821300FD101001991DB /* Embed Foundation Extensions */ = {
			isa = PBXCopyFilesBuildPhase;
			buildActionMask = 2147483647;
			dstPath = "";
			dstSubfolderSpec = 13;
			files = (
				8FD2B81C300FD101001991DB /* HenstandAppTarget.appex in Embed Foundation Extensions */,
			);
			name = "Embed Foundation Extensions";
			runOnlyForDeploymentPostprocessing = 0;
		};
/* End PBXCopyFilesBuildPhase section */

/* Begin PBXFileReference section */
		8F7A6B96300FD73E00C2CF21 /* codemagic.yaml */ = {isa = PBXFileReference; lastKnownFileType = text.yaml; path = codemagic.yaml; sourceTree = "<group>"; };
		8F7A6B98300FD88F00C2CF21 /* .gitignore */ = {isa = PBXFileReference; lastKnownFileType = text; path = .gitignore; sourceTree = "<group>"; };
		8F7D1A84300FC0AA00C7FC49 /* Henstand.app */ = {isa = PBXFileReference; explicitFileType = wrapper.application; includeInIndex = 0; path = Henstand.app; sourceTree = BUILT_PRODUCTS_DIR; };
		8F7D1A93300FC0B000C7FC49 /* CLAUDE.md */ = {isa = PBXFileReference; lastKnownFileType = net.daringfireball.markdown; path = CLAUDE.md; sourceTree = "<group>"; };
		8FD2B815300FD101001991DB /* HenstandAppTarget.appex */ = {isa = PBXFileReference; explicitFileType = "wrapper.app-extension"; includeInIndex = 0; path = HenstandAppTarget.appex; sourceTree = BUILT_PRODUCTS_DIR; };
/* End PBXFileReference section */

/* Begin PBXFileSystemSynchronizedBuildFileExceptionSet section */
		8FD2B810300FD0D9001991DB /* Exceptions for "Henstand" folder in "Henstand" target */ = {
			isa = PBXFileSystemSynchronizedBuildFileExceptionSet;
			membershipExceptions = (
				Info.plist,
			);
			target = 8F7D1A83300FC0AA00C7FC49 /* Henstand */;
		};
		8FD2B820300FD101001991DB /* Exceptions for "HenstandAppTarget" folder in "HenstandAppTarget" target */ = {
			isa = PBXFileSystemSynchronizedBuildFileExceptionSet;
			membershipExceptions = (
				Info.plist,
			);
			target = 8FD2B814300FD101001991DB /* HenstandAppTarget */;
		};
/* End PBXFileSystemSynchronizedBuildFileExceptionSet section */

/* Begin PBXFileSystemSynchronizedRootGroup section */
		8F7D1A86300FC0AA00C7FC49 /* Henstand */ = {
			isa = PBXFileSystemSynchronizedRootGroup;
			exceptions = (
				8FD2B810300FD0D9001991DB /* Exceptions for "Henstand" folder in "Henstand" target */,
			);
			path = Henstand;
			sourceTree = "<group>";
		};
		8FD2B816300FD101001991DB /* HenstandAppTarget */ = {
			isa = PBXFileSystemSynchronizedRootGroup;
			exceptions = (
				8FD2B820300FD101001991DB /* Exceptions for "HenstandAppTarget" folder in "HenstandAppTarget" target */,
			);
			path = HenstandAppTarget;
			sourceTree = "<group>";
		};
/* End PBXFileSystemSynchronizedRootGroup section */

/* Begin PBXFrameworksBuildPhase section */
		8F7D1A81300FC0AA00C7FC49 /* Frameworks */ = {
			isa = PBXFrameworksBuildPhase;
			buildActionMask = 2147483647;
			files = (
				FBAA000000000000000000C1 /* FirebaseCore in Frameworks */,
				FBAA000000000000000000A2 /* FirebaseAuth in Frameworks */,
				FBAA000000000000000000D1 /* FirebaseDatabase in Frameworks */,
			);
			runOnlyForDeploymentPostprocessing = 0;
		};
		8FD2B812300FD101001991DB /* Frameworks */ = {
			isa = PBXFrameworksBuildPhase;
			buildActionMask = 2147483647;
			files = (
				8FD2B824300FD10B001991DB /* FirebaseMessaging in Frameworks */,
			);
			runOnlyForDeploymentPostprocessing = 0;
		};
/* End PBXFrameworksBuildPhase section */

/* Begin PBXGroup section */
		8F7D1A7B300FC0AA00C7FC49 = {
			isa = PBXGroup;
			children = (
				8F7A6B96300FD73E00C2CF21 /* codemagic.yaml */,
				8F7D1A93300FC0B000C7FC49 /* CLAUDE.md */,
				8F7A6B98300FD88F00C2CF21 /* .gitignore */,
				8F7D1A86300FC0AA00C7FC49 /* Henstand */,
				8FD2B816300FD101001991DB /* HenstandAppTarget */,
				8FD2B822300FD10B001991DB /* Frameworks */,
				8F7D1A85300FC0AA00C7FC49 /* Products */,
			);
			sourceTree = "<group>";
		};
		8F7D1A85300FC0AA00C7FC49 /* Products */ = {
			isa = PBXGroup;
			children = (
				8F7D1A84300FC0AA00C7FC49 /* Henstand.app */,
				8FD2B815300FD101001991DB /* HenstandAppTarget.appex */,
			);
			name = Products;
			sourceTree = "<group>";
		};
		8FD2B822300FD10B001991DB /* Frameworks */ = {
			isa = PBXGroup;
			children = (
			);
			name = Frameworks;
			sourceTree = "<group>";
		};
/* End PBXGroup section */

/* Begin PBXNativeTarget section */
		8F7D1A83300FC0AA00C7FC49 /* Henstand */ = {
			isa = PBXNativeTarget;
			buildConfigurationList = 8F7D1A90300FC0AB00C7FC49 /* Build configuration list for PBXNativeTarget "Henstand" */;
			buildPhases = (
				8F7D1A80300FC0AA00C7FC49 /* Sources */,
				8F7D1A81300FC0AA00C7FC49 /* Frameworks */,
				8F7D1A82300FC0AA00C7FC49 /* Resources */,
				8FD2B821300FD101001991DB /* Embed Foundation Extensions */,
			);
			buildRules = (
			);
			dependencies = (
				8FD2B81B300FD101001991DB /* PBXTargetDependency */,
			);
			fileSystemSynchronizedGroups = (
				8F7D1A86300FC0AA00C7FC49 /* Henstand */,
			);
			name = Henstand;
			packageProductDependencies = (
				FBAA000000000000000000C0 /* FirebaseCore */,
				FBAA000000000000000000A0 /* FirebaseAuth */,
				FBAA000000000000000000D0 /* FirebaseDatabase */,
			);
			productName = Henstand;
			productReference = 8F7D1A84300FC0AA00C7FC49 /* Henstand.app */;
			productType = "com.apple.product-type.application";
		};
		8FD2B814300FD101001991DB /* HenstandAppTarget */ = {
			isa = PBXNativeTarget;
			buildConfigurationList = 8FD2B81D300FD101001991DB /* Build configuration list for PBXNativeTarget "HenstandAppTarget" */;
			buildPhases = (
				8FD2B811300FD101001991DB /* Sources */,
				8FD2B812300FD101001991DB /* Frameworks */,
				8FD2B813300FD101001991DB /* Resources */,
			);
			buildRules = (
			);
			dependencies = (
			);
			fileSystemSynchronizedGroups = (
				8FD2B816300FD101001991DB /* HenstandAppTarget */,
			);
			name = HenstandAppTarget;
			packageProductDependencies = (
				8FD2B823300FD10B001991DB /* FirebaseMessaging */,
			);
			productName = HenstandAppTarget;
			productReference = 8FD2B815300FD101001991DB /* HenstandAppTarget.appex */;
			productType = "com.apple.product-type.app-extension";
		};
/* End PBXNativeTarget section */

/* Begin PBXProject section */
		8F7D1A7C300FC0AA00C7FC49 /* Project object */ = {
			isa = PBXProject;
			attributes = {
				BuildIndependentTargetsInParallel = 1;
				LastSwiftUpdateCheck = 1640;
				LastUpgradeCheck = 1640;
				TargetAttributes = {
					8F7D1A83300FC0AA00C7FC49 = {
						CreatedOnToolsVersion = 16.4;
					};
					8FD2B814300FD101001991DB = {
						CreatedOnToolsVersion = 16.4;
					};
				};
			};
			buildConfigurationList = 8F7D1A7F300FC0AA00C7FC49 /* Build configuration list for PBXProject "Henstand" */;
			developmentRegion = en;
			hasScannedForEncodings = 0;
			knownRegions = (
				en,
				Base,
			);
			mainGroup = 8F7D1A7B300FC0AA00C7FC49;
			minimizedProjectReferenceProxies = 1;
			packageReferences = (
				FBAA000000000000000000A1 /* XCRemoteSwiftPackageReference "firebase-ios-sdk" */,
			);
			preferredProjectObjectVersion = 77;
			productRefGroup = 8F7D1A85300FC0AA00C7FC49 /* Products */;
			projectDirPath = "";
			projectRoot = "";
			targets = (
				8F7D1A83300FC0AA00C7FC49 /* Henstand */,
				8FD2B814300FD101001991DB /* HenstandAppTarget */,
			);
		};
/* End PBXProject section */

/* Begin PBXResourcesBuildPhase section */
		8F7D1A82300FC0AA00C7FC49 /* Resources */ = {
			isa = PBXResourcesBuildPhase;
			buildActionMask = 2147483647;
			files = (
			);
			runOnlyForDeploymentPostprocessing = 0;
		};
		8FD2B813300FD101001991DB /* Resources */ = {
			isa = PBXResourcesBuildPhase;
			buildActionMask = 2147483647;
			files = (
			);
			runOnlyForDeploymentPostprocessing = 0;
		};
/* End PBXResourcesBuildPhase section */

/* Begin PBXSourcesBuildPhase section */
		8F7D1A80300FC0AA00C7FC49 /* Sources */ = {
			isa = PBXSourcesBuildPhase;
			buildActionMask = 2147483647;
			files = (
			);
			runOnlyForDeploymentPostprocessing = 0;
		};
		8FD2B811300FD101001991DB /* Sources */ = {
			isa = PBXSourcesBuildPhase;
			buildActionMask = 2147483647;
			files = (
			);
			runOnlyForDeploymentPostprocessing = 0;
		};
/* End PBXSourcesBuildPhase section */

/* Begin PBXTargetDependency section */
		8FD2B81B300FD101001991DB /* PBXTargetDependency */ = {
			isa = PBXTargetDependency;
			target = 8FD2B814300FD101001991DB /* HenstandAppTarget */;
			targetProxy = 8FD2B81A300FD101001991DB /* PBXContainerItemProxy */;
		};
/* End PBXTargetDependency section */

/* Begin XCBuildConfiguration section */
		8F7D1A8E300FC0AB00C7FC49 /* Debug */ = {
			isa = XCBuildConfiguration;
			buildSettings = {
				ALWAYS_SEARCH_USER_PATHS = NO;
				ASSETCATALOG_COMPILER_GENERATE_SWIFT_ASSET_SYMBOL_EXTENSIONS = YES;
				CLANG_ANALYZER_NONNULL = YES;
				CLANG_ANALYZER_NUMBER_OBJECT_CONVERSION = YES_AGGRESSIVE;
				CLANG_CXX_LANGUAGE_STANDARD = "gnu++20";
				CLANG_ENABLE_MODULES = YES;
				CLANG_ENABLE_OBJC_ARC = YES;
				CLANG_ENABLE_OBJC_WEAK = YES;
				CLANG_WARN_BLOCK_CAPTURE_AUTORELEASING = YES;
				CLANG_WARN_BOOL_CONVERSION = YES;
				CLANG_WARN_COMMA = YES;
				CLANG_WARN_CONSTANT_CONVERSION = YES;
				CLANG_WARN_DEPRECATED_OBJC_IMPLEMENTATIONS = YES;
				CLANG_WARN_DIRECT_OBJC_ISA_USAGE = YES_ERROR;
				CLANG_WARN_DOCUMENTATION_COMMENTS = YES;
				CLANG_WARN_EMPTY_BODY = YES;
				CLANG_WARN_ENUM_CONVERSION = YES;
				CLANG_WARN_INFINITE_RECURSION = YES;
				CLANG_WARN_INT_CONVERSION = YES;
				CLANG_WARN_NON_LITERAL_NULL_CONVERSION = YES;
				CLANG_WARN_OBJC_IMPLICIT_RETAIN_SELF = YES;
				CLANG_WARN_OBJC_LITERAL_CONVERSION = YES;
				CLANG_WARN_OBJC_ROOT_CLASS = YES_ERROR;
				CLANG_WARN_QUOTED_INCLUDE_IN_FRAMEWORK_HEADER = YES;
				CLANG_WARN_RANGE_LOOP_ANALYSIS = YES;
				CLANG_WARN_STRICT_PROTOTYPES = YES;
				CLANG_WARN_SUSPICIOUS_MOVE = YES;
				CLANG_WARN_UNGUARDED_AVAILABILITY = YES_AGGRESSIVE;
				CLANG_WARN_UNREACHABLE_CODE = YES;
				CLANG_WARN__DUPLICATE_METHOD_MATCH = YES;
				COPY_PHASE_STRIP = NO;
				DEBUG_INFORMATION_FORMAT = dwarf;
				ENABLE_STRICT_OBJC_MSGSEND = YES;
				ENABLE_TESTABILITY = YES;
				ENABLE_USER_SCRIPT_SANDBOXING = YES;
				GCC_C_LANGUAGE_STANDARD = gnu17;
				GCC_DYNAMIC_NO_PIC = NO;
				GCC_NO_COMMON_BLOCKS = YES;
				GCC_OPTIMIZATION_LEVEL = 0;
				GCC_PREPROCESSOR_DEFINITIONS = (
					"DEBUG=1",
					"$(inherited)",
				);
				GCC_WARN_64_TO_32_BIT_CONVERSION = YES;
				GCC_WARN_ABOUT_RETURN_TYPE = YES_ERROR;
				GCC_WARN_UNDECLARED_SELECTOR = YES;
				GCC_WARN_UNINITIALIZED_AUTOS = YES_AGGRESSIVE;
				GCC_WARN_UNUSED_FUNCTION = YES;
				GCC_WARN_UNUSED_VARIABLE = YES;
				LOCALIZATION_PREFERS_STRING_CATALOGS = YES;
				MTL_ENABLE_DEBUG_INFO = INCLUDE_SOURCE;
				MTL_FAST_MATH = YES;
				ONLY_ACTIVE_ARCH = YES;
				SWIFT_ACTIVE_COMPILATION_CONDITIONS = "DEBUG $(inherited)";
				SWIFT_OPTIMIZATION_LEVEL = "-Onone";
			};
			name = Debug;
		};
		8F7D1A8F300FC0AB00C7FC49 /* Release */ = {
			isa = XCBuildConfiguration;
			buildSettings = {
				ALWAYS_SEARCH_USER_PATHS = NO;
				ASSETCATALOG_COMPILER_GENERATE_SWIFT_ASSET_SYMBOL_EXTENSIONS = YES;
				CLANG_ANALYZER_NONNULL = YES;
				CLANG_ANALYZER_NUMBER_OBJECT_CONVERSION = YES_AGGRESSIVE;
				CLANG_CXX_LANGUAGE_STANDARD = "gnu++20";
				CLANG_ENABLE_MODULES = YES;
				CLANG_ENABLE_OBJC_ARC = YES;
				CLANG_ENABLE_OBJC_WEAK = YES;
				CLANG_WARN_BLOCK_CAPTURE_AUTORELEASING = YES;
				CLANG_WARN_BOOL_CONVERSION = YES;
				CLANG_WARN_COMMA = YES;
				CLANG_WARN_CONSTANT_CONVERSION = YES;
				CLANG_WARN_DEPRECATED_OBJC_IMPLEMENTATIONS = YES;
				CLANG_WARN_DIRECT_OBJC_ISA_USAGE = YES_ERROR;
				CLANG_WARN_DOCUMENTATION_COMMENTS = YES;
				CLANG_WARN_EMPTY_BODY = YES;
				CLANG_WARN_ENUM_CONVERSION = YES;
				CLANG_WARN_INFINITE_RECURSION = YES;
				CLANG_WARN_INT_CONVERSION = YES;
				CLANG_WARN_NON_LITERAL_NULL_CONVERSION = YES;
				CLANG_WARN_OBJC_IMPLICIT_RETAIN_SELF = YES;
				CLANG_WARN_OBJC_LITERAL_CONVERSION = YES;
				CLANG_WARN_OBJC_ROOT_CLASS = YES_ERROR;
				CLANG_WARN_QUOTED_INCLUDE_IN_FRAMEWORK_HEADER = YES;
				CLANG_WARN_RANGE_LOOP_ANALYSIS = YES;
				CLANG_WARN_STRICT_PROTOTYPES = YES;
				CLANG_WARN_SUSPICIOUS_MOVE = YES;
				CLANG_WARN_UNGUARDED_AVAILABILITY = YES_AGGRESSIVE;
				CLANG_WARN_UNREACHABLE_CODE = YES;
				CLANG_WARN__DUPLICATE_METHOD_MATCH = YES;
				COPY_PHASE_STRIP = NO;
				DEBUG_INFORMATION_FORMAT = "dwarf-with-dsym";
				ENABLE_NS_ASSERTIONS = NO;
				ENABLE_STRICT_OBJC_MSGSEND = YES;
				ENABLE_USER_SCRIPT_SANDBOXING = YES;
				GCC_C_LANGUAGE_STANDARD = gnu17;
				GCC_NO_COMMON_BLOCKS = YES;
				GCC_WARN_64_TO_32_BIT_CONVERSION = YES;
				GCC_WARN_ABOUT_RETURN_TYPE = YES_ERROR;
				GCC_WARN_UNDECLARED_SELECTOR = YES;
				GCC_WARN_UNINITIALIZED_AUTOS = YES_AGGRESSIVE;
				GCC_WARN_UNUSED_FUNCTION = YES;
				GCC_WARN_UNUSED_VARIABLE = YES;
				LOCALIZATION_PREFERS_STRING_CATALOGS = YES;
				MTL_ENABLE_DEBUG_INFO = NO;
				MTL_FAST_MATH = YES;
				SWIFT_COMPILATION_MODE = wholemodule;
			};
			name = Release;
		};
		8F7D1A91300FC0AB00C7FC49 /* Debug */ = {
			isa = XCBuildConfiguration;
			buildSettings = {
				ASSETCATALOG_COMPILER_APPICON_NAME = AppIcon;
				ASSETCATALOG_COMPILER_GLOBAL_ACCENT_COLOR_NAME = AccentColor;
				CODE_SIGN_ENTITLEMENTS = Henstand/Henstand.entitlements;
				CODE_SIGN_STYLE = Automatic;
				CURRENT_PROJECT_VERSION = 1;
				ENABLE_PREVIEWS = YES;
				GENERATE_INFOPLIST_FILE = YES;
				INFOPLIST_FILE = Henstand/Info.plist;
				INFOPLIST_KEY_CFBundleDisplayName = Henstand;
				INFOPLIST_KEY_NSCameraUsageDescription = "Allow to use your camera in application.";
				INFOPLIST_KEY_UIApplicationSceneManifest_Generation = YES;
				"INFOPLIST_KEY_UIApplicationSceneManifest_Generation[sdk=iphoneos*]" = YES;
				"INFOPLIST_KEY_UIApplicationSceneManifest_Generation[sdk=iphonesimulator*]" = YES;
				INFOPLIST_KEY_UIApplicationSupportsIndirectInputEvents = YES;
				"INFOPLIST_KEY_UIApplicationSupportsIndirectInputEvents[sdk=iphoneos*]" = YES;
				"INFOPLIST_KEY_UIApplicationSupportsIndirectInputEvents[sdk=iphonesimulator*]" = YES;
				INFOPLIST_KEY_UILaunchScreen_Generation = YES;
				"INFOPLIST_KEY_UILaunchScreen_Generation[sdk=iphoneos*]" = YES;
				"INFOPLIST_KEY_UILaunchScreen_Generation[sdk=iphonesimulator*]" = YES;
				INFOPLIST_KEY_UIStatusBarStyle = UIStatusBarStyleDefault;
				"INFOPLIST_KEY_UIStatusBarStyle[sdk=iphoneos*]" = UIStatusBarStyleDefault;
				"INFOPLIST_KEY_UIStatusBarStyle[sdk=iphonesimulator*]" = UIStatusBarStyleDefault;
				INFOPLIST_KEY_UISupportedInterfaceOrientations_iPad = "UIInterfaceOrientationPortrait UIInterfaceOrientationPortraitUpsideDown UIInterfaceOrientationLandscapeLeft UIInterfaceOrientationLandscapeRight";
				INFOPLIST_KEY_UISupportedInterfaceOrientations_iPhone = "UIInterfaceOrientationPortrait UIInterfaceOrientationLandscapeLeft UIInterfaceOrientationLandscapeRight";
				IPHONEOS_DEPLOYMENT_TARGET = 16.0;
				LD_RUNPATH_SEARCH_PATHS = "@executable_path/Frameworks";
				"LD_RUNPATH_SEARCH_PATHS[sdk=macosx*]" = "@executable_path/../Frameworks";
				MARKETING_VERSION = 1.0;
				PRODUCT_BUNDLE_IDENTIFIER = com.henstaningsapp.Henstand;
				PRODUCT_NAME = "$(TARGET_NAME)";
				REGISTER_APP_GROUPS = YES;
				SDKROOT = iphoneos;
				SUPPORTED_PLATFORMS = "iphoneos iphonesimulator";
				SUPPORTS_MACCATALYST = NO;
				SUPPORTS_MAC_DESIGNED_FOR_IPHONE_IPAD = NO;
				SUPPORTS_XR_DESIGNED_FOR_IPHONE_IPAD = NO;
				SWIFT_EMIT_LOC_STRINGS = YES;
				SWIFT_VERSION = 5.0;
				TARGETED_DEVICE_FAMILY = "1,2";
			};
			name = Debug;
		};
		8F7D1A92300FC0AB00C7FC49 /* Release */ = {
			isa = XCBuildConfiguration;
			buildSettings = {
				ASSETCATALOG_COMPILER_APPICON_NAME = AppIcon;
				ASSETCATALOG_COMPILER_GLOBAL_ACCENT_COLOR_NAME = AccentColor;
				CODE_SIGN_ENTITLEMENTS = Henstand/Henstand.entitlements;
				CODE_SIGN_STYLE = Automatic;
				CURRENT_PROJECT_VERSION = 1;
				ENABLE_PREVIEWS = YES;
				GENERATE_INFOPLIST_FILE = YES;
				INFOPLIST_FILE = Henstand/Info.plist;
				INFOPLIST_KEY_CFBundleDisplayName = Henstand;
				INFOPLIST_KEY_NSCameraUsageDescription = "Allow to use your camera in application.";
				INFOPLIST_KEY_UIApplicationSceneManifest_Generation = YES;
				"INFOPLIST_KEY_UIApplicationSceneManifest_Generation[sdk=iphoneos*]" = YES;
				"INFOPLIST_KEY_UIApplicationSceneManifest_Generation[sdk=iphonesimulator*]" = YES;
				INFOPLIST_KEY_UIApplicationSupportsIndirectInputEvents = YES;
				"INFOPLIST_KEY_UIApplicationSupportsIndirectInputEvents[sdk=iphoneos*]" = YES;
				"INFOPLIST_KEY_UIApplicationSupportsIndirectInputEvents[sdk=iphonesimulator*]" = YES;
				INFOPLIST_KEY_UILaunchScreen_Generation = YES;
				"INFOPLIST_KEY_UILaunchScreen_Generation[sdk=iphoneos*]" = YES;
				"INFOPLIST_KEY_UILaunchScreen_Generation[sdk=iphonesimulator*]" = YES;
				INFOPLIST_KEY_UIStatusBarStyle = UIStatusBarStyleDefault;
				"INFOPLIST_KEY_UIStatusBarStyle[sdk=iphoneos*]" = UIStatusBarStyleDefault;
				"INFOPLIST_KEY_UIStatusBarStyle[sdk=iphonesimulator*]" = UIStatusBarStyleDefault;
				INFOPLIST_KEY_UISupportedInterfaceOrientations_iPad = "UIInterfaceOrientationPortrait UIInterfaceOrientationPortraitUpsideDown UIInterfaceOrientationLandscapeLeft UIInterfaceOrientationLandscapeRight";
				INFOPLIST_KEY_UISupportedInterfaceOrientations_iPhone = "UIInterfaceOrientationPortrait UIInterfaceOrientationLandscapeLeft UIInterfaceOrientationLandscapeRight";
				IPHONEOS_DEPLOYMENT_TARGET = 16.0;
				LD_RUNPATH_SEARCH_PATHS = "@executable_path/Frameworks";
				"LD_RUNPATH_SEARCH_PATHS[sdk=macosx*]" = "@executable_path/../Frameworks";
				MARKETING_VERSION = 1.0;
				PRODUCT_BUNDLE_IDENTIFIER = com.henstaningsapp.Henstand;
				PRODUCT_NAME = "$(TARGET_NAME)";
				REGISTER_APP_GROUPS = YES;
				SDKROOT = iphoneos;
				SUPPORTED_PLATFORMS = "iphoneos iphonesimulator";
				SUPPORTS_MACCATALYST = NO;
				SUPPORTS_MAC_DESIGNED_FOR_IPHONE_IPAD = NO;
				SUPPORTS_XR_DESIGNED_FOR_IPHONE_IPAD = NO;
				SWIFT_EMIT_LOC_STRINGS = YES;
				SWIFT_VERSION = 5.0;
				TARGETED_DEVICE_FAMILY = "1,2";
			};
			name = Release;
		};
		8FD2B81E300FD101001991DB /* Debug */ = {
			isa = XCBuildConfiguration;
			buildSettings = {
				CODE_SIGN_STYLE = Automatic;
				CURRENT_PROJECT_VERSION = 1;
				GENERATE_INFOPLIST_FILE = YES;
				INFOPLIST_FILE = HenstandAppTarget/Info.plist;
				INFOPLIST_KEY_CFBundleDisplayName = HenstandAppTarget;
				INFOPLIST_KEY_NSHumanReadableCopyright = "";
				IPHONEOS_DEPLOYMENT_TARGET = 16.0;
				LD_RUNPATH_SEARCH_PATHS = (
					"$(inherited)",
					"@executable_path/Frameworks",
					"@executable_path/../../Frameworks",
				);
				MARKETING_VERSION = 1.0;
				PRODUCT_BUNDLE_IDENTIFIER = com.henstaningsapp.Henstand.HenstandAppTarget;
				PRODUCT_NAME = "$(TARGET_NAME)";
				SDKROOT = iphoneos;
				SKIP_INSTALL = YES;
				SUPPORTED_PLATFORMS = "iphoneos iphonesimulator";
				SUPPORTS_MACCATALYST = NO;
				SUPPORTS_MAC_DESIGNED_FOR_IPHONE_IPAD = NO;
				SUPPORTS_XR_DESIGNED_FOR_IPHONE_IPAD = NO;
				SWIFT_EMIT_LOC_STRINGS = YES;
				SWIFT_VERSION = 5.0;
				TARGETED_DEVICE_FAMILY = "1,2";
			};
			name = Debug;
		};
		8FD2B81F300FD101001991DB /* Release */ = {
			isa = XCBuildConfiguration;
			buildSettings = {
				CODE_SIGN_STYLE = Automatic;
				CURRENT_PROJECT_VERSION = 1;
				GENERATE_INFOPLIST_FILE = YES;
				INFOPLIST_FILE = HenstandAppTarget/Info.plist;
				INFOPLIST_KEY_CFBundleDisplayName = HenstandAppTarget;
				INFOPLIST_KEY_NSHumanReadableCopyright = "";
				IPHONEOS_DEPLOYMENT_TARGET = 16.0;
				LD_RUNPATH_SEARCH_PATHS = (
					"$(inherited)",
					"@executable_path/Frameworks",
					"@executable_path/../../Frameworks",
				);
				MARKETING_VERSION = 1.0;
				PRODUCT_BUNDLE_IDENTIFIER = com.henstaningsapp.Henstand.HenstandAppTarget;
				PRODUCT_NAME = "$(TARGET_NAME)";
				SDKROOT = iphoneos;
				SKIP_INSTALL = YES;
				SUPPORTED_PLATFORMS = "iphoneos iphonesimulator";
				SUPPORTS_MACCATALYST = NO;
				SUPPORTS_MAC_DESIGNED_FOR_IPHONE_IPAD = NO;
				SUPPORTS_XR_DESIGNED_FOR_IPHONE_IPAD = NO;
				SWIFT_EMIT_LOC_STRINGS = YES;
				SWIFT_VERSION = 5.0;
				TARGETED_DEVICE_FAMILY = "1,2";
				VALIDATE_PRODUCT = YES;
			};
			name = Release;
		};
/* End XCBuildConfiguration section */

/* Begin XCConfigurationList section */
		8F7D1A7F300FC0AA00C7FC49 /* Build configuration list for PBXProject "Henstand" */ = {
			isa = XCConfigurationList;
			buildConfigurations = (
				8F7D1A8E300FC0AB00C7FC49 /* Debug */,
				8F7D1A8F300FC0AB00C7FC49 /* Release */,
			);
			defaultConfigurationIsVisible = 0;
			defaultConfigurationName = Release;
		};
		8F7D1A90300FC0AB00C7FC49 /* Build configuration list for PBXNativeTarget "Henstand" */ = {
			isa = XCConfigurationList;
			buildConfigurations = (
				8F7D1A91300FC0AB00C7FC49 /* Debug */,
				8F7D1A92300FC0AB00C7FC49 /* Release */,
			);
			defaultConfigurationIsVisible = 0;
			defaultConfigurationName = Release;
		};
		8FD2B81D300FD101001991DB /* Build configuration list for PBXNativeTarget "HenstandAppTarget" */ = {
			isa = XCConfigurationList;
			buildConfigurations = (
				8FD2B81E300FD101001991DB /* Debug */,
				8FD2B81F300FD101001991DB /* Release */,
			);
			defaultConfigurationIsVisible = 0;
			defaultConfigurationName = Release;
		};
/* End XCConfigurationList section */

/* Begin XCRemoteSwiftPackageReference section */
		FBAA000000000000000000A1 /* XCRemoteSwiftPackageReference "firebase-ios-sdk" */ = {
			isa = XCRemoteSwiftPackageReference;
			repositoryURL = "https://github.com/firebase/firebase-ios-sdk";
			requirement = {
				kind = upToNextMajorVersion;
				minimumVersion = 12.14.0;
			};
		};
/* End XCRemoteSwiftPackageReference section */

/* Begin XCSwiftPackageProductDependency section */
		8FD2B823300FD10B001991DB /* FirebaseMessaging */ = {
			isa = XCSwiftPackageProductDependency;
			package = FBAA000000000000000000A1 /* XCRemoteSwiftPackageReference "firebase-ios-sdk" */;
			productName = FirebaseMessaging;
		};
		FBAA000000000000000000A0 /* FirebaseAuth */ = {
			isa = XCSwiftPackageProductDependency;
			package = FBAA000000000000000000A1 /* XCRemoteSwiftPackageReference "firebase-ios-sdk" */;
			productName = FirebaseAuth;
		};
		FBAA000000000000000000C0 /* FirebaseCore */ = {
			isa = XCSwiftPackageProductDependency;
			package = FBAA000000000000000000A1 /* XCRemoteSwiftPackageReference "firebase-ios-sdk" */;
			productName = FirebaseCore;
		};
		FBAA000000000000000000D0 /* FirebaseDatabase */ = {
			isa = XCSwiftPackageProductDependency;
			package = FBAA000000000000000000A1 /* XCRemoteSwiftPackageReference "firebase-ios-sdk" */;
			productName = FirebaseDatabase;
		};
/* End XCSwiftPackageProductDependency section */
	};
	rootObject = 8F7D1A7C300FC0AA00C7FC49 /* Project object */;
}
